// !$*UTF8*$!
{
	archiveVersion = 1;
	classes = {
	};
	objectVersion = 50;
	objects = {

/* Begin PBXBuildFile section */
		041F0BDC20B4718800712EB3 /* icons8-firework-explosion-filled-50.png in Resources */ = {isa = PBXBuildFile; fileRef = 041F0BDB20B4718800712EB3 /* icons8-firework-explosion-filled-50.png */; };
		041F0BDE20B4719200712EB3 /* icons8-firework-explosion-50.png in Resources */ = {isa = PBXBuildFile; fileRef = 041F0BDD20B4719200712EB3 /* icons8-firework-explosion-50.png */; };
		04C2FD7820AF3ED00008C134 /* AppDelegate.swift in Sources */ = {isa = PBXBuildFile; fileRef = 04C2FD7720AF3ED00008C134 /* AppDelegate.swift */; };
		04C2FD7A20AF3ED00008C134 /* GameScene.sks in Resources */ = {isa = PBXBuildFile; fileRef = 04C2FD7920AF3ED00008C134 /* GameScene.sks */; };
		04C2FD7C20AF3ED00008C134 /* Actions.sks in Resources */ = {isa = PBXBuildFile; fileRef = 04C2FD7B20AF3ED00008C134 /* Actions.sks */; };
		04C2FD7E20AF3ED00008C134 /* GameScene.swift in Sources */ = {isa = PBXBuildFile; fileRef = 04C2FD7D20AF3ED00008C134 /* GameScene.swift */; };
		04C2FD8020AF3ED00008C134 /* GameViewController.swift in Sources */ = {isa = PBXBuildFile; fileRef = 04C2FD7F20AF3ED00008C134 /* GameViewController.swift */; };
		04C2FD8320AF3ED00008C134 /* Main.storyboard in Resources */ = {isa = PBXBuildFile; fileRef = 04C2FD8120AF3ED00008C134 /* Main.storyboard */; };
		04C2FD8520AF3ED10008C134 /* Assets.xcassets in Resources */ = {isa = PBXBuildFile; fileRef = 04C2FD8420AF3ED10008C134 /* Assets.xcassets */; };
		04C2FD8820AF3ED10008C134 /* LaunchScreen.storyboard in Resources */ = {isa = PBXBuildFile; fileRef = 04C2FD8620AF3ED10008C134 /* LaunchScreen.storyboard */; };
		04C2FD9720AF41C20008C134 /* spark.png in Resources */ = {isa = PBXBuildFile; fileRef = 04C2FD9020AF41C20008C134 /* spark.png */; };
		04C2FD9820AF41C20008C134 /* background.png in Resources */ = {isa = PBXBuildFile; fileRef = 04C2FD9120AF41C20008C134 /* background.png */; };
		04C2FD9920AF41C20008C134 /* rocket.png in Resources */ = {isa = PBXBuildFile; fileRef = 04C2FD9220AF41C20008C134 /* rocket.png */; };
		04C2FD9A20AF41C20008C134 /* fuse.sks in Resources */ = {isa = PBXBuildFile; fileRef = 04C2FD9320AF41C20008C134 /* fuse.sks */; };
		04C2FD9B20AF41C20008C134 /* explode.sks in Resources */ = {isa = PBXBuildFile; fileRef = 04C2FD9420AF41C20008C134 /* explode.sks */; };
		04C2FD9C20AF41C20008C134 /* background@2x.png in Resources */ = {isa = PBXBuildFile; fileRef = 04C2FD9520AF41C20008C134 /* background@2x.png */; };
		04C2FD9D20AF41C20008C134 /* rocket@2x.png in Resources */ = {isa = PBXBuildFile; fileRef = 04C2FD9620AF41C20008C134 /* rocket@2x.png */; };
/* End PBXBuildFile section */

/* Begin PBXFileReference section */
		041F0BDB20B4718800712EB3 /* icons8-firework-explosion-filled-50.png */ = {isa = PBXFileReference; lastKnownFileType = image.png; path = "icons8-firework-explosion-filled-50.png"; sourceTree = "<group>"; };
		041F0BDD20B4719200712EB3 /* icons8-firework-explosion-50.png */ = {isa = PBXFileReference; lastKnownFileType = image.png; path = "icons8-firework-explosion-50.png"; sourceTree = "<group>"; };
		04C2FD7420AF3ED00008C134 /* Project20.app */ = {isa = PBXFileReference; explicitFileType = wrapper.application; includeInIndex = 0; path = Project20.app; sourceTree = BUILT_PRODUCTS_DIR; };
		04C2FD7720AF3ED00008C134 /* AppDelegate.swift */ = {isa = PBXFileReference; lastKnownFileType = sourcecode.swift; path = AppDelegate.swift; sourceTree = "<group>"; };
		04C2FD7920AF3ED00008C134 /* GameScene.sks */ = {isa = PBXFileReference; lastKnownFileType = file.sks; path = GameScene.sks; sourceTree = "<group>"; };
		04C2FD7B20AF3ED00008C134 /* Actions.sks */ = {isa = PBXFileReference; lastKnownFileType = file.sks; path = Actions.sks; sourceTree = "<group>"; };
		04C2FD7D20AF3ED00008C134 /* GameScene.swift */ = {isa = PBXFileReference; lastKnownFileType = sourcecode.swift; path = GameScene.swift; sourceTree = "<group>"; };
		04C2FD7F20AF3ED00008C134 /* GameViewController.swift */ = {isa = PBXFileReference; lastKnownFileType = sourcecode.swift; path = GameViewController.swift; sourceTree = "<group>"; };
		04C2FD8220AF3ED00008C134 /* Base */ = {isa = PBXFileReference; lastKnownFileType = file.storyboard; name = Base; path = Base.lproj/Main.storyboard; sourceTree = "<group>"; };
		04C2FD8420AF3ED10008C134 /* Assets.xcassets */ = {isa = PBXFileReference; lastKnownFileType = folder.assetcatalog; path = Assets.xcassets; sourceTree = "<group>"; };
		04C2FD8720AF3ED10008C134 /* Base */ = {isa = PBXFileReference; lastKnownFileType = file.storyboard; name = Base; path = Base.lproj/LaunchScreen.storyboard; sourceTree = "<group>"; };
		04C2FD8920AF3ED10008C134 /* Info.plist */ = {isa = PBXFileReference; lastKnownFileType = text.plist.xml; path = Info.plist; sourceTree = "<group>"; };
		04C2FD9020AF41C20008C134 /* spark.png */ = {isa = PBXFileReference; lastKnownFileType = image.png; path = spark.png; sourceTree = "<group>"; };
		04C2FD9120AF41C20008C134 /* background.png */ = {isa = PBXFileReference; lastKnownFileType = image.png; path = background.png; sourceTree = "<group>"; };
		04C2FD9220AF41C20008C134 /* rocket.png */ = {isa = PBXFileReference; lastKnownFileType = image.png; path = rocket.png; sourceTree = "<group>"; };
		04C2FD9320AF41C20008C134 /* fuse.sks */ = {isa = PBXFileReference; lastKnownFileType = file.sks; path = fuse.sks; sourceTree = "<group>"; };
		04C2FD9420AF41C20008C134 /* explode.sks */ = {isa = PBXFileReference; lastKnownFileType = file.sks; path = explode.sks; sourceTree = "<group>"; };
		04C2FD9520AF41C20008C134 /* background@2x.png */ = {isa = PBXFileReference; lastKnownFileType = image.png; path = "background@2x.png"; sourceTree = "<group>"; };
		04C2FD9620AF41C20008C134 /* rocket@2x.png */ = {isa = PBXFileReference; lastKnownFileType = image.png; path = "rocket@2x.png"; sourceTree = "<group>"; };
/* End PBXFileReference section */

/* Begin PBXFrameworksBuildPhase section */
		04C2FD7120AF3ED00008C134 /* Frameworks */ = {
			isa = PBXFrameworksBuildPhase;
			buildActionMask = 2147483647;
			files = (
			);
			runOnlyForDeploymentPostprocessing = 0;
		};
/* End PBXFrameworksBuildPhase section */

/* Begin PBXGroup section */
		04C2FD6B20AF3ED00008C134 = {
			isa = PBXGroup;
			children = (
				04C2FD7620AF3ED00008C134 /* Project20 */,
				04C2FD7520AF3ED00008C134 /* Products */,
			);
			sourceTree = "<group>";
		};
		04C2FD7520AF3ED00008C134 /* Products */ = {
			isa = PBXGroup;
			children = (
				04C2FD7420AF3ED00008C134 /* Project20.app */,
			);
			name = Products;
			sourceTree = "<group>";
		};
		04C2FD7620AF3ED00008C134 /* Project20 */ = {
			isa = PBXGroup;
			children = (
				04C2FD7720AF3ED00008C134 /* AppDelegate.swift */,
				04C2FD7920AF3ED00008C134 /* GameScene.sks */,
				04C2FD7B20AF3ED00008C134 /* Actions.sks */,
				04C2FD7D20AF3ED00008C134 /* GameScene.swift */,
				04C2FD7F20AF3ED00008C134 /* GameViewController.swift */,
				04C2FD8120AF3ED00008C134 /* Main.storyboard */,
				04C2FD8420AF3ED10008C134 /* Assets.xcassets */,
				04C2FD8620AF3ED10008C134 /* LaunchScreen.storyboard */,
				04C2FD8920AF3ED10008C134 /* Info.plist */,
				04C2FD8F20AF41C20008C134 /* Content */,
			);
			path = Project20;
			sourceTree = "<group>";
		};
		04C2FD8F20AF41C20008C134 /* Content */ = {
			isa = PBXGroup;
			children = (
				041F0BDD20B4719200712EB3 /* icons8-firework-explosion-50.png */,
				041F0BDB20B4718800712EB3 /* icons8-firework-explosion-filled-50.png */,
				04C2FD9020AF41C20008C134 /* spark.png */,
				04C2FD9120AF41C20008C134 /* background.png */,
				04C2FD9220AF41C20008C134 /* rocket.png */,
				04C2FD9320AF41C20008C134 /* fuse.sks */,
				04C2FD9420AF41C20008C134 /* explode.sks */,
				04C2FD9520AF41C20008C134 /* background@2x.png */,
				04C2FD9620AF41C20008C134 /* rocket@2x.png */,
			);
			path = Content;
			sourceTree = "<group>";
		};
/* End PBXGroup section */

/* Begin PBXNativeTarget section */
		04C2FD7320AF3ED00008C134 /* Project20 */ = {
			isa = PBXNativeTarget;
			buildConfigurationList = 04C2FD8C20AF3ED10008C134 /* Build configuration list for PBXNativeTarget "Project20" */;
			buildPhases = (
				04C2FD7020AF3ED00008C134 /* Sources */,
				04C2FD7120AF3ED00008C134 /* Frameworks */,
				04C2FD7220AF3ED00008C134 /* Resources */,
			);
			buildRules = (
			);
			dependencies = (
			);
			name = Project20;
			productName = Project20;
			productReference = 04C2FD7420AF3ED00008C134 /* Project20.app */;
			productType = "com.apple.product-type.application";
		};
/* End PBXNativeTarget section */

/* Begin PBXProject section */
		04C2FD6C20AF3ED00008C134 /* Project object */ = {
			isa = PBXProject;
			attributes = {
				LastSwiftUpdateCheck = 0930;
				LastUpgradeCheck = 0930;
				ORGANIZATIONNAME = "Sabrina Fletcher";
				TargetAttributes = {
					04C2FD7320AF3ED00008C134 = {
						CreatedOnToolsVersion = 9.3.1;
					};
				};
			};
			buildConfigurationList = 04C2FD6F20AF3ED00008C134 /* Build configuration list for PBXProject "Project20" */;
			compatibilityVersion = "Xcode 9.3";
			developmentRegion = en;
			hasScannedForEncodings = 0;
			knownRegions = (
				en,
				Base,
			);
			mainGroup = 04C2FD6B20AF3ED00008C134;
			productRefGroup = 04C2FD7520AF3ED00008C134 /* Products */;
			projectDirPath = "";
			projectRoot = "";
			targets = (
				04C2FD7320AF3ED00008C134 /* Project20 */,
			);
		};
/* End PBXProject section */

/* Begin PBXResourcesBuildPhase section */
		04C2FD7220AF3ED00008C134 /* Resources */ = {
			isa = PBXResourcesBuildPhase;
			buildActionMask = 2147483647;
			files = (
				041F0BDE20B4719200712EB3 /* icons8-firework-explosion-50.png in Resources */,
				04C2FD8320AF3ED00008C134 /* Main.storyboard in Resources */,
				04C2FD9C20AF41C20008C134 /* background@2x.png in Resources */,
				04C2FD9D20AF41C20008C134 /* rocket@2x.png in Resources */,
				04C2FD9720AF41C20008C134 /* spark.png in Resources */,
				04C2FD9A20AF41C20008C134 /* fuse.sks in Resources */,
				04C2FD9B20AF41C20008C134 /* explode.sks in Resources */,
				04C2FD9820AF41C20008C134 /* background.png in Resources */,
				04C2FD7A20AF3ED00008C134 /* GameScene.sks in Resources */,
				04C2FD8520AF3ED10008C134 /* Assets.xcassets in Resources */,
				04C2FD9920AF41C20008C134 /* rocket.png in Resources */,
				041F0BDC20B4718800712EB3 /* icons8-firework-explosion-filled-50.png in Resources */,
				04C2FD8820AF3ED10008C134 /* LaunchScreen.storyboard in Resources */,
				04C2FD7C20AF3ED00008C134 /* Actions.sks in Resources */,
			);
			runOnlyForDeploymentPostprocessing = 0;
		};
/* End PBXResourcesBuildPhase section */

/* Begin PBXSourcesBuildPhase section */
		04C2FD7020AF3ED00008C134 /* Sources */ = {
			isa = PBXSourcesBuildPhase;
			buildActionMask = 2147483647;
			files = (
				04C2FD7E20AF3ED00008C134 /* GameScene.swift in Sources */,
				04C2FD8020AF3ED00008C134 /* GameViewController.swift in Sources */,
				04C2FD7820AF3ED00008C134 /* AppDelegate.swift in Sources */,
			);
			runOnlyForDeploymentPostprocessing = 0;
		};
/* End PBXSourcesBuildPhase section */

/* Begin PBXVariantGroup section */
		04C2FD8120AF3ED00008C134 /* Main.storyboard */ = {
			isa = PBXVariantGroup;
			children = (
				04C2FD8220AF3ED00008C134 /* Base */,
			);
			name = Main.storyboard;
			sourceTree = "<group>";
		};
		04C2FD8620AF3ED10008C134 /* LaunchScreen.storyboard */ = {
			isa = PBXVariantGroup;
			children = (
				04C2FD8720AF3ED10008C134 /* Base */,
			);
			name = LaunchScreen.storyboard;
			sourceTree = "<group>";
		};
/* End PBXVariantGroup section */

/* Begin XCBuildConfiguration section */
		04C2FD8A20AF3ED10008C134 /* Debug */ = {
			isa = XCBuildConfiguration;
			buildSettings = {
				ALWAYS_SEARCH_USER_PATHS = NO;
				CLANG_ANALYZER_NONNULL = YES;
				CLANG_ANALYZER_NUMBER_OBJECT_CONVERSION = YES_AGGRESSIVE;
				CLANG_CXX_LANGUAGE_STANDARD = "gnu++14";
				CLANG_CXX_LIBRARY = "libc++";
				CLANG_ENABLE_MODULES = YES;
				CLANG_ENABLE_OBJC_ARC = YES;
				CLANG_ENABLE_OBJC_WEAK = YES;
				CLANG_WARN_BLOCK_CAPTURE_AUTORELEASING = YES;
				CLANG_WARN_BOOL_CONVERSION = YES;
				CLANG_WARN_COMMA = YES;
				CLANG_WARN_CONSTANT_CONVERSION = YES;
				CLANG_WARN_DEPRECATED_OBJC_IMPLEMENTATIONS = YES;
				CLANG_WARN_DIRECT_OBJC_ISA_USAGE = YES_ERROR;
				CLANG_WARN_DOCUMENTATION_COMMENTS = YES;
				CLANG_WARN_EMPTY_BODY = YES;
				CLANG_WARN_ENUM_CONVERSION = YES;
				CLANG_WARN_INFINITE_RECURSION = YES;
				CLANG_WARN_INT_CONVERSION = YES;
				CLANG_WARN_NON_LITERAL_NULL_CONVERSION = YES;
				CLANG_WARN_OBJC_IMPLICIT_RETAIN_SELF = YES;
				CLANG_WARN_OBJC_LITERAL_CONVERSION = YES;
				CLANG_WARN_OBJC_ROOT_CLASS = YES_ERROR;
				CLANG_WARN_RANGE_LOOP_ANALYSIS = YES;
				CLANG_WARN_STRICT_PROTOTYPES = YES;
				CLANG_WARN_SUSPICIOUS_MOVE = YES;
				CLANG_WARN_UNGUARDED_AVAILABILITY = YES_AGGRESSIVE;
				CLANG_WARN_UNREACHABLE_CODE = YES;
				CLANG_WARN__DUPLICATE_METHOD_MATCH = YES;
				CODE_SIGN_IDENTITY = "iPhone Developer";
				COPY_PHASE_STRIP = NO;
				DEBUG_INFORMATION_FORMAT = dwarf;
				ENABLE_STRICT_OBJC_MSGSEND = YES;
				ENABLE_TESTABILITY = YES;
				GCC_C_LANGUAGE_STANDARD = gnu11;
				GCC_DYNAMIC_NO_PIC = NO;
				GCC_NO_COMMON_BLOCKS = YES;
				GCC_OPTIMIZATION_LEVEL = 0;
				GCC_PREPROCESSOR_DEFINITIONS = (
					"DEBUG=1",
					"$(inherited)",
				);
				GCC_WARN_64_TO_32_BIT_CONVERSION = YES;
				GCC_WARN_ABOUT_RETURN_TYPE = YES_ERROR;
				GCC_WARN_UNDECLARED_SELECTOR = YES;
				GCC_WARN_UNINITIALIZED_AUTOS = YES_AGGRESSIVE;
				GCC_WARN_UNUSED_FUNCTION = YES;
				GCC_WARN_UNUSED_VARIABLE = YES;
				IPHONEOS_DEPLOYMENT_TARGET = 11.3;
				MTL_ENABLE_DEBUG_INFO = YES;
				ONLY_ACTIVE_ARCH = YES;
				SDKROOT = iphoneos;
				SWIFT_ACTIVE_COMPILATION_CONDITIONS = DEBUG;
				SWIFT_OPTIMIZATION_LEVEL = "-Onone";
			};
			name = Debug;
		};
		04C2FD8B20AF3ED10008C134 /* Release */ = {
			isa = XCBuildConfiguration;
			buildSettings = {
				ALWAYS_SEARCH_USER_PATHS = NO;
				CLANG_ANALYZER_NONNULL = YES;
				CLANG_ANALYZER_NUMBER_OBJECT_CONVERSION = YES_AGGRESSIVE;
				CLANG_CXX_LANGUAGE_STANDARD = "gnu++14";
				CLANG_CXX_LIBRARY = "libc++";
				CLANG_ENABLE_MODULES = YES;
				CLANG_ENABLE_OBJC_ARC = YES;
				CLANG_ENABLE_OBJC_WEAK = YES;
				CLANG_WARN_BLOCK_CAPTURE_AUTORELEASING = YES;
				CLANG_WARN_BOOL_CONVERSION = YES;
				CLANG_WARN_COMMA = YES;
				CLANG_WARN_CONSTANT_CONVERSION = YES;
				CLANG_WARN_DEPRECATED_OBJC_IMPLEMENTATIONS = YES;
				CLANG_WARN_DIRECT_OBJC_ISA_USAGE = YES_ERROR;
				CLANG_WARN_DOCUMENTATION_COMMENTS = YES;
				CLANG_WARN_EMPTY_BODY = YES;
				CLANG_WARN_ENUM_CONVERSION = YES;
				CLANG_WARN_INFINITE_RECURSION = YES;
				CLANG_WARN_INT_CONVERSION = YES;
				CLANG_WARN_NON_LITERAL_NULL_CONVERSION = YES;
				CLANG_WARN_OBJC_IMPLICIT_RETAIN_SELF = YES;
				CLANG_WARN_OBJC_LITERAL_CONVERSION = YES;
				CLANG_WARN_OBJC_ROOT_CLASS = YES_ERROR;
				CLANG_WARN_RANGE_LOOP_ANALYSIS = YES;
				CLANG_WARN_STRICT_PROTOTYPES = YES;
				CLANG_WARN_SUSPICIOUS_MOVE = YES;
				CLANG_WARN_UNGUARDED_AVAILABILITY = YES_AGGRESSIVE;
				CLANG_WARN_UNREACHABLE_CODE = YES;
				CLANG_WARN__DUPLICATE_METHOD_MATCH = YES;
				CODE_SIGN_IDENTITY = "iPhone Developer";
				COPY_PHASE_STRIP = NO;
				DEBUG_INFORMATION_FORMAT = "dwarf-with-dsym";
				ENABLE_NS_ASSERTIONS = NO;
				ENABLE_STRICT_OBJC_MSGSEND = YES;
				GCC_C_LANGUAGE_STANDARD = gnu11;
				GCC_NO_COMMON_BLOCKS = YES;
				GCC_WARN_64_TO_32_BIT_CONVERSION = YES;
				GCC_WARN_ABOUT_RETURN_TYPE = YES_ERROR;
				GCC_WARN_UNDECLARED_SELECTOR = YES;
				GCC_WARN_UNINITIALIZED_AUTOS = YES_AGGRESSIVE;
				GCC_WARN_UNUSED_FUNCTION = YES;
				GCC_WARN_UNUSED_VARIABLE = YES;
				IPHONEOS_DEPLOYMENT_TARGET = 11.3;
				MTL_ENABLE_DEBUG_INFO = NO;
				SDKROOT = iphoneos;
				SWIFT_COMPILATION_MODE = wholemodule;
				SWIFT_OPTIMIZATION_LEVEL = "-O";
				VALIDATE_PRODUCT = YES;
			};
			name = Release;
		};
		04C2FD8D20AF3ED10008C134 /* Debug */ = {
			isa = XCBuildConfiguration;
			buildSettings = {
				ASSETCATALOG_COMPILER_APPICON_NAME = AppIcon;
				CODE_SIGN_STYLE = Automatic;
				DEVELOPMENT_TEAM = FUWHW8446R;
				INFOPLIST_FILE = Project20/Info.plist;
				LD_RUNPATH_SEARCH_PATHS = (
					"$(inherited)",
					"@executable_path/Frameworks",
				);
				PRODUCT_BUNDLE_IDENTIFIER = com.SabrinaFletcher.Project20;
				PRODUCT_NAME = "$(TARGET_NAME)";
				SWIFT_VERSION = 4.0;
				TARGETED_DEVICE_FAMILY = 2;
			};
			name = Debug;
		};
		04C2FD8E20AF3ED10008C134 /* Release */ = {
			isa = XCBuildConfiguration;
			buildSettings = {
				ASSETCATALOG_COMPILER_APPICON_NAME = AppIcon;
				CODE_SIGN_STYLE = Automatic;
				DEVELOPMENT_TEAM = FUWHW8446R;
				INFOPLIST_FILE = Project20/Info.plist;
				LD_RUNPATH_SEARCH_PATHS = (
					"$(inherited)",
					"@executable_path/Frameworks",
				);
				PRODUCT_BUNDLE_IDENTIFIER = com.SabrinaFletcher.Project20;
				PRODUCT_NAME = "$(TARGET_NAME)";
				SWIFT_VERSION = 4.0;
				TARGETED_DEVICE_FAMILY = 2;
			};
			name = Release;
		};
/* End XCBuildConfiguration section */

/* Begin XCConfigurationList section */
		04C2FD6F20AF3ED00008C134 /* Build configuration list for PBXProject "Project20" */ = {
			isa = XCConfigurationList;
			buildConfigurations = (
				04C2FD8A20AF3ED10008C134 /* Debug */,
				04C2FD8B20AF3ED10008C134 /* Release */,
			);
			defaultConfigurationIsVisible = 0;
			defaultConfigurationName = Release;
		};
		04C2FD8C20AF3ED10008C134 /* Build configuration list for PBXNativeTarget "Project20" */ = {
			isa = XCConfigurationList;
			buildConfigurations = (
				04C2FD8D20AF3ED10008C134 /* Debug */,
				04C2FD8E20AF3ED10008C134 /* Release */,
			);
			defaultConfigurationIsVisible = 0;
			defaultConfigurationName = Release;
		};
/* End XCConfigurationList section */
	};
	rootObject = 04C2FD6C20AF3ED00008C134 /* Project object */;
}
